{
  "nodes": {
    "nixpkgs": {
      "locked": {
        "lastModified": 1738277201,
        "narHash": "sha256-6L+WXKCw5mqnUIExvqkD99pJQ41xgyCk6z/H9snClwk=",
        "owner": "nixos",
        "repo": "nixpkgs",
        "rev": "666e1b3f09c267afd66addebe80fb05a5ef2b554",
        "type": "github"
      },
      "original": {
        "owner": "nixos",
        "ref": "nixos-24.11",
        "repo": "nixpkgs",
        "type": "github"
      }
    },
    "root": {
      "inputs": {
        "nixpkgs": "nixpkgs",
        "steam-fetcher": "steam-fetcher"
      }
    },
    "steam-fetcher": {
      "inputs": {
        "nixpkgs": [
          "nixpkgs"
        ]
      },
      "locked": {
        "lastModified": 1714795926,
        "narHash": "sha256-PkgC9jqoN6cJ8XYzTA2PlrWs7aPJkM3BGiTxNqax0cA=",
        "owner": "AlexHamre",
        "repo": "steam-fetcher",
        "rev": "12f66eafb7862d91b3e30c14035f96a21941bd9c",
        "type": "github"
      },
      "original": {
        "owner": "AlexHamre",
        "repo": "steam-fetcher",
        "type": "github"
      }
    }
  },
  "root": "root",
  "version": 7
}
